// !$*UTF8*$!
{
	archiveVersion = 1;
	classes = {
	};
	objectVersion = 46;
	objects = {

/* Begin PBXBuildFile section */
		EB47FFBA18F0AD7200FB9209 /* LoginTVC.m in Sources */ = {isa = PBXBuildFile; fileRef = EB47FFB918F0AD7200FB9209 /* LoginTVC.m */; };
		EB47FFBD18F0B15600FB9209 /* RootTabBarController.m in Sources */ = {isa = PBXBuildFile; fileRef = EB47FFBC18F0B15600FB9209 /* RootTabBarController.m */; };
		EB47FFC818F0BCE600FB9209 /* settings.png in Resources */ = {isa = PBXBuildFile; fileRef = EB47FFC618F0BCE600FB9209 /* settings.png */; };
		EB47FFC918F0BCE600FB9209 /* settings@2x.png in Resources */ = {isa = PBXBuildFile; fileRef = EB47FFC718F0BCE600FB9209 /* settings@2x.png */; };
		EB47FFD418F0BE6700FB9209 /* projects.png in Resources */ = {isa = PBXBuildFile; fileRef = EB47FFD218F0BE6700FB9209 /* projects.png */; };
		EB47FFD518F0BE6700FB9209 /* projects@2x.png in Resources */ = {isa = PBXBuildFile; fileRef = EB47FFD318F0BE6700FB9209 /* projects@2x.png */; };
		EB47FFDC18F0C0CF00FB9209 /* CruznectRequest.m in Sources */ = {isa = PBXBuildFile; fileRef = EB47FFDB18F0C0CF00FB9209 /* CruznectRequest.m */; };
		EB47FFDF18F0D33600FB9209 /* FeaturedTVC.m in Sources */ = {isa = PBXBuildFile; fileRef = EB47FFDE18F0D33500FB9209 /* FeaturedTVC.m */; };
		EB47FFE518F0F36A00FB9209 /* ProjectsTVC.m in Sources */ = {isa = PBXBuildFile; fileRef = EB47FFE418F0F36A00FB9209 /* ProjectsTVC.m */; };
		EB47FFF218F0FA5C00FB9209 /* bridge-navbar.png in Resources */ = {isa = PBXBuildFile; fileRef = EB47FFEE18F0FA5C00FB9209 /* bridge-navbar.png */; };
		EB47FFF318F0FA5C00FB9209 /* bridge-navbar@2x.png in Resources */ = {isa = PBXBuildFile; fileRef = EB47FFEF18F0FA5C00FB9209 /* bridge-navbar@2x.png */; };
		EB47FFF418F0FA5C00FB9209 /* bridge-tableview.png in Resources */ = {isa = PBXBuildFile; fileRef = EB47FFF018F0FA5C00FB9209 /* bridge-tableview.png */; };
		EB47FFF518F0FA5C00FB9209 /* bridge-tableview@2x.png in Resources */ = {isa = PBXBuildFile; fileRef = EB47FFF118F0FA5C00FB9209 /* bridge-tableview@2x.png */; };
		EB76F5BE18F0929E00743DD3 /* Foundation.framework in Frameworks */ = {isa = PBXBuildFile; fileRef = EB76F5BD18F0929E00743DD3 /* Foundation.framework */; };
		EB76F5C018F0929E00743DD3 /* CoreGraphics.framework in Frameworks */ = {isa = PBXBuildFile; fileRef = EB76F5BF18F0929E00743DD3 /* CoreGraphics.framework */; };
		EB76F5C218F0929E00743DD3 /* UIKit.framework in Frameworks */ = {isa = PBXBuildFile; fileRef = EB76F5C118F0929E00743DD3 /* UIKit.framework */; };
		EB76F5C818F0929E00743DD3 /* InfoPlist.strings in Resources */ = {isa = PBXBuildFile; fileRef = EB76F5C618F0929E00743DD3 /* InfoPlist.strings */; };
		EB76F5CA18F0929E00743DD3 /* main.m in Sources */ = {isa = PBXBuildFile; fileRef = EB76F5C918F0929E00743DD3 /* main.m */; };
		EB76F5CE18F0929E00743DD3 /* AppDelegate.m in Sources */ = {isa = PBXBuildFile; fileRef = EB76F5CD18F0929E00743DD3 /* AppDelegate.m */; };
		EB76F5D118F0929E00743DD3 /* Main.storyboard in Resources */ = {isa = PBXBuildFile; fileRef = EB76F5CF18F0929E00743DD3 /* Main.storyboard */; };
		EB76F5D918F0929E00743DD3 /* Images.xcassets in Resources */ = {isa = PBXBuildFile; fileRef = EB76F5D818F0929E00743DD3 /* Images.xcassets */; };
		EB76F5E018F0929E00743DD3 /* XCTest.framework in Frameworks */ = {isa = PBXBuildFile; fileRef = EB76F5DF18F0929E00743DD3 /* XCTest.framework */; };
		EB76F5E118F0929E00743DD3 /* Foundation.framework in Frameworks */ = {isa = PBXBuildFile; fileRef = EB76F5BD18F0929E00743DD3 /* Foundation.framework */; };
		EB76F5E218F0929E00743DD3 /* UIKit.framework in Frameworks */ = {isa = PBXBuildFile; fileRef = EB76F5C118F0929E00743DD3 /* UIKit.framework */; };
		EB76F5EA18F0929E00743DD3 /* InfoPlist.strings in Resources */ = {isa = PBXBuildFile; fileRef = EB76F5E818F0929E00743DD3 /* InfoPlist.strings */; };
		EB76F5EC18F0929E00743DD3 /* CruznectTests.m in Sources */ = {isa = PBXBuildFile; fileRef = EB76F5EB18F0929E00743DD3 /* CruznectTests.m */; };
/* End PBXBuildFile section */

/* Begin PBXContainerItemProxy section */
		EB76F5E318F0929E00743DD3 /* PBXContainerItemProxy */ = {
			isa = PBXContainerItemProxy;
			containerPortal = EB76F5B218F0929E00743DD3 /* Project object */;
			proxyType = 1;
			remoteGlobalIDString = EB76F5B918F0929E00743DD3;
			remoteInfo = Cruznect;
		};
/* End PBXContainerItemProxy section */

/* Begin PBXFileReference section */
		EB47FFB818F0AD7200FB9209 /* LoginTVC.h */ = {isa = PBXFileReference; fileEncoding = 4; lastKnownFileType = sourcecode.c.h; path = LoginTVC.h; sourceTree = "<group>"; };
		EB47FFB918F0AD7200FB9209 /* LoginTVC.m */ = {isa = PBXFileReference; fileEncoding = 4; lastKnownFileType = sourcecode.c.objc; path = LoginTVC.m; sourceTree = "<group>"; };
		EB47FFBB18F0B15600FB9209 /* RootTabBarController.h */ = {isa = PBXFileReference; fileEncoding = 4; lastKnownFileType = sourcecode.c.h; path = RootTabBarController.h; sourceTree = "<group>"; };
		EB47FFBC18F0B15600FB9209 /* RootTabBarController.m */ = {isa = PBXFileReference; fileEncoding = 4; lastKnownFileType = sourcecode.c.objc; path = RootTabBarController.m; sourceTree = "<group>"; };
		EB47FFC618F0BCE600FB9209 /* settings.png */ = {isa = PBXFileReference; lastKnownFileType = image.png; path = settings.png; sourceTree = "<group>"; };
		EB47FFC718F0BCE600FB9209 /* settings@2x.png */ = {isa = PBXFileReference; lastKnownFileType = image.png; path = "settings@2x.png"; sourceTree = "<group>"; };
		EB47FFD218F0BE6700FB9209 /* projects.png */ = {isa = PBXFileReference; lastKnownFileType = image.png; path = projects.png; sourceTree = "<group>"; };
		EB47FFD318F0BE6700FB9209 /* projects@2x.png */ = {isa = PBXFileReference; lastKnownFileType = image.png; path = "projects@2x.png"; sourceTree = "<group>"; };
		EB47FFDA18F0C0CF00FB9209 /* CruznectRequest.h */ = {isa = PBXFileReference; fileEncoding = 4; lastKnownFileType = sourcecode.c.h; path = CruznectRequest.h; sourceTree = "<group>"; };
		EB47FFDB18F0C0CF00FB9209 /* CruznectRequest.m */ = {isa = PBXFileReference; fileEncoding = 4; lastKnownFileType = sourcecode.c.objc; path = CruznectRequest.m; sourceTree = "<group>"; };
		EB47FFDD18F0D33500FB9209 /* FeaturedTVC.h */ = {isa = PBXFileReference; fileEncoding = 4; lastKnownFileType = sourcecode.c.h; path = FeaturedTVC.h; sourceTree = "<group>"; };
		EB47FFDE18F0D33500FB9209 /* FeaturedTVC.m */ = {isa = PBXFileReference; fileEncoding = 4; lastKnownFileType = sourcecode.c.objc; path = FeaturedTVC.m; sourceTree = "<group>"; };
		EB47FFE318F0F36A00FB9209 /* ProjectsTVC.h */ = {isa = PBXFileReference; fileEncoding = 4; lastKnownFileType = sourcecode.c.h; path = ProjectsTVC.h; sourceTree = "<group>"; };
		EB47FFE418F0F36A00FB9209 /* ProjectsTVC.m */ = {isa = PBXFileReference; fileEncoding = 4; lastKnownFileType = sourcecode.c.objc; path = ProjectsTVC.m; sourceTree = "<group>"; };
		EB47FFEE18F0FA5C00FB9209 /* bridge-navbar.png */ = {isa = PBXFileReference; lastKnownFileType = image.png; path = "bridge-navbar.png"; sourceTree = "<group>"; };
		EB47FFEF18F0FA5C00FB9209 /* bridge-navbar@2x.png */ = {isa = PBXFileReference; lastKnownFileType = image.png; path = "bridge-navbar@2x.png"; sourceTree = "<group>"; };
		EB47FFF018F0FA5C00FB9209 /* bridge-tableview.png */ = {isa = PBXFileReference; lastKnownFileType = image.png; path = "bridge-tableview.png"; sourceTree = "<group>"; };
		EB47FFF118F0FA5C00FB9209 /* bridge-tableview@2x.png */ = {isa = PBXFileReference; lastKnownFileType = image.png; path = "bridge-tableview@2x.png"; sourceTree = "<group>"; };
		EB76F5BA18F0929E00743DD3 /* Cruznect.app */ = {isa = PBXFileReference; explicitFileType = wrapper.application; includeInIndex = 0; path = Cruznect.app; sourceTree = BUILT_PRODUCTS_DIR; };
		EB76F5BD18F0929E00743DD3 /* Foundation.framework */ = {isa = PBXFileReference; lastKnownFileType = wrapper.framework; name = Foundation.framework; path = System/Library/Frameworks/Foundation.framework; sourceTree = SDKROOT; };
		EB76F5BF18F0929E00743DD3 /* CoreGraphics.framework */ = {isa = PBXFileReference; lastKnownFileType = wrapper.framework; name = CoreGraphics.framework; path = System/Library/Frameworks/CoreGraphics.framework; sourceTree = SDKROOT; };
		EB76F5C118F0929E00743DD3 /* UIKit.framework */ = {isa = PBXFileReference; lastKnownFileType = wrapper.framework; name = UIKit.framework; path = System/Library/Frameworks/UIKit.framework; sourceTree = SDKROOT; };
		EB76F5C518F0929E00743DD3 /* Cruznect-Info.plist */ = {isa = PBXFileReference; lastKnownFileType = text.plist.xml; path = "Cruznect-Info.plist"; sourceTree = "<group>"; };
		EB76F5C718F0929E00743DD3 /* en */ = {isa = PBXFileReference; lastKnownFileType = text.plist.strings; name = en; path = en.lproj/InfoPlist.strings; sourceTree = "<group>"; };
		EB76F5C918F0929E00743DD3 /* main.m */ = {isa = PBXFileReference; lastKnownFileType = sourcecode.c.objc; path = main.m; sourceTree = "<group>"; };
		EB76F5CB18F0929E00743DD3 /* Cruznect-Prefix.pch */ = {isa = PBXFileReference; lastKnownFileType = sourcecode.c.h; path = "Cruznect-Prefix.pch"; sourceTree = "<group>"; };
		EB76F5CC18F0929E00743DD3 /* AppDelegate.h */ = {isa = PBXFileReference; lastKnownFileType = sourcecode.c.h; path = AppDelegate.h; sourceTree = "<group>"; };
		EB76F5CD18F0929E00743DD3 /* AppDelegate.m */ = {isa = PBXFileReference; lastKnownFileType = sourcecode.c.objc; path = AppDelegate.m; sourceTree = "<group>"; };
		EB76F5D018F0929E00743DD3 /* Base */ = {isa = PBXFileReference; lastKnownFileType = file.storyboard; name = Base; path = Base.lproj/Main.storyboard; sourceTree = "<group>"; };
		EB76F5D818F0929E00743DD3 /* Images.xcassets */ = {isa = PBXFileReference; lastKnownFileType = folder.assetcatalog; path = Images.xcassets; sourceTree = "<group>"; };
		EB76F5DE18F0929E00743DD3 /* CruznectTests.xctest */ = {isa = PBXFileReference; explicitFileType = wrapper.cfbundle; includeInIndex = 0; path = CruznectTests.xctest; sourceTree = BUILT_PRODUCTS_DIR; };
		EB76F5DF18F0929E00743DD3 /* XCTest.framework */ = {isa = PBXFileReference; lastKnownFileType = wrapper.framework; name = XCTest.framework; path = Library/Frameworks/XCTest.framework; sourceTree = DEVELOPER_DIR; };
		EB76F5E718F0929E00743DD3 /* CruznectTests-Info.plist */ = {isa = PBXFileReference; lastKnownFileType = text.plist.xml; path = "CruznectTests-Info.plist"; sourceTree = "<group>"; };
		EB76F5E918F0929E00743DD3 /* en */ = {isa = PBXFileReference; lastKnownFileType = text.plist.strings; name = en; path = en.lproj/InfoPlist.strings; sourceTree = "<group>"; };
		EB76F5EB18F0929E00743DD3 /* CruznectTests.m */ = {isa = PBXFileReference; lastKnownFileType = sourcecode.c.objc; path = CruznectTests.m; sourceTree = "<group>"; };
/* End PBXFileReference section */

/* Begin PBXFrameworksBuildPhase section */
		EB76F5B718F0929E00743DD3 /* Frameworks */ = {
			isa = PBXFrameworksBuildPhase;
			buildActionMask = 2147483647;
			files = (
				EB76F5C018F0929E00743DD3 /* CoreGraphics.framework in Frameworks */,
				EB76F5C218F0929E00743DD3 /* UIKit.framework in Frameworks */,
				EB76F5BE18F0929E00743DD3 /* Foundation.framework in Frameworks */,
			);
			runOnlyForDeploymentPostprocessing = 0;
		};
		EB76F5DB18F0929E00743DD3 /* Frameworks */ = {
			isa = PBXFrameworksBuildPhase;
			buildActionMask = 2147483647;
			files = (
				EB76F5E018F0929E00743DD3 /* XCTest.framework in Frameworks */,
				EB76F5E218F0929E00743DD3 /* UIKit.framework in Frameworks */,
				EB76F5E118F0929E00743DD3 /* Foundation.framework in Frameworks */,
			);
			runOnlyForDeploymentPostprocessing = 0;
		};
/* End PBXFrameworksBuildPhase section */

/* Begin PBXGroup section */
		EB47FFD618F0BF9400FB9209 /* User Interface */ = {
			isa = PBXGroup;
			children = (
				EB47FFC618F0BCE600FB9209 /* settings.png */,
				EB47FFC718F0BCE600FB9209 /* settings@2x.png */,
				EB47FFD218F0BE6700FB9209 /* projects.png */,
				EB47FFD318F0BE6700FB9209 /* projects@2x.png */,
			);
			name = "User Interface";
			sourceTree = "<group>";
		};
		EB76F5B118F0929E00743DD3 = {
			isa = PBXGroup;
			children = (
				EB76F5C318F0929E00743DD3 /* Cruznect */,
				EB76F5E518F0929E00743DD3 /* CruznectTests */,
				EB76F5BC18F0929E00743DD3 /* Frameworks */,
				EB76F5BB18F0929E00743DD3 /* Products */,
			);
			sourceTree = "<group>";
		};
		EB76F5BB18F0929E00743DD3 /* Products */ = {
			isa = PBXGroup;
			children = (
				EB76F5BA18F0929E00743DD3 /* Cruznect.app */,
				EB76F5DE18F0929E00743DD3 /* CruznectTests.xctest */,
			);
			name = Products;
			sourceTree = "<group>";
		};
		EB76F5BC18F0929E00743DD3 /* Frameworks */ = {
			isa = PBXGroup;
			children = (
				EB76F5BD18F0929E00743DD3 /* Foundation.framework */,
				EB76F5BF18F0929E00743DD3 /* CoreGraphics.framework */,
				EB76F5C118F0929E00743DD3 /* UIKit.framework */,
				EB76F5DF18F0929E00743DD3 /* XCTest.framework */,
			);
			name = Frameworks;
			sourceTree = "<group>";
		};
		EB76F5C318F0929E00743DD3 /* Cruznect */ = {
			isa = PBXGroup;
			children = (
				EB76F5CF18F0929E00743DD3 /* Main.storyboard */,
				EB47FFBB18F0B15600FB9209 /* RootTabBarController.h */,
				EB47FFBC18F0B15600FB9209 /* RootTabBarController.m */,
				EB47FFB818F0AD7200FB9209 /* LoginTVC.h */,
				EB47FFB918F0AD7200FB9209 /* LoginTVC.m */,
				EB47FFDD18F0D33500FB9209 /* FeaturedTVC.h */,
				EB47FFDE18F0D33500FB9209 /* FeaturedTVC.m */,
				EB47FFE318F0F36A00FB9209 /* ProjectsTVC.h */,
				EB47FFE418F0F36A00FB9209 /* ProjectsTVC.m */,
				EB47FFDA18F0C0CF00FB9209 /* CruznectRequest.h */,
				EB47FFDB18F0C0CF00FB9209 /* CruznectRequest.m */,
				EB47FFEE18F0FA5C00FB9209 /* bridge-navbar.png */,
				EB47FFEF18F0FA5C00FB9209 /* bridge-navbar@2x.png */,
				EB47FFF018F0FA5C00FB9209 /* bridge-tableview.png */,
				EB47FFF118F0FA5C00FB9209 /* bridge-tableview@2x.png */,
				EB76F5D818F0929E00743DD3 /* Images.xcassets */,
				EB47FFD618F0BF9400FB9209 /* User Interface */,
				EB76F5C418F0929E00743DD3 /* Supporting Files */,
			);
			path = Cruznect;
			sourceTree = "<group>";
		};
		EB76F5C418F0929E00743DD3 /* Supporting Files */ = {
			isa = PBXGroup;
			children = (
				EB76F5CC18F0929E00743DD3 /* AppDelegate.h */,
				EB76F5CD18F0929E00743DD3 /* AppDelegate.m */,
				EB76F5C518F0929E00743DD3 /* Cruznect-Info.plist */,
				EB76F5C618F0929E00743DD3 /* InfoPlist.strings */,
				EB76F5C918F0929E00743DD3 /* main.m */,
				EB76F5CB18F0929E00743DD3 /* Cruznect-Prefix.pch */,
			);
			name = "Supporting Files";
			sourceTree = "<group>";
		};
		EB76F5E518F0929E00743DD3 /* CruznectTests */ = {
			isa = PBXGroup;
			children = (
				EB76F5EB18F0929E00743DD3 /* CruznectTests.m */,
				EB76F5E618F0929E00743DD3 /* Supporting Files */,
			);
			path = CruznectTests;
			sourceTree = "<group>";
		};
		EB76F5E618F0929E00743DD3 /* Supporting Files */ = {
			isa = PBXGroup;
			children = (
				EB76F5E718F0929E00743DD3 /* CruznectTests-Info.plist */,
				EB76F5E818F0929E00743DD3 /* InfoPlist.strings */,
			);
			name = "Supporting Files";
			sourceTree = "<group>";
		};
/* End PBXGroup section */

/* Begin PBXNativeTarget section */
		EB76F5B918F0929E00743DD3 /* Cruznect */ = {
			isa = PBXNativeTarget;
			buildConfigurationList = EB76F5EF18F0929E00743DD3 /* Build configuration list for PBXNativeTarget "Cruznect" */;
			buildPhases = (
				EB76F5B618F0929E00743DD3 /* Sources */,
				EB76F5B718F0929E00743DD3 /* Frameworks */,
				EB76F5B818F0929E00743DD3 /* Resources */,
			);
			buildRules = (
			);
			dependencies = (
			);
			name = Cruznect;
			productName = Cruznect;
			productReference = EB76F5BA18F0929E00743DD3 /* Cruznect.app */;
			productType = "com.apple.product-type.application";
		};
		EB76F5DD18F0929E00743DD3 /* CruznectTests */ = {
			isa = PBXNativeTarget;
			buildConfigurationList = EB76F5F218F0929E00743DD3 /* Build configuration list for PBXNativeTarget "CruznectTests" */;
			buildPhases = (
				EB76F5DA18F0929E00743DD3 /* Sources */,
				EB76F5DB18F0929E00743DD3 /* Frameworks */,
				EB76F5DC18F0929E00743DD3 /* Resources */,
			);
			buildRules = (
			);
			dependencies = (
				EB76F5E418F0929E00743DD3 /* PBXTargetDependency */,
			);
			name = CruznectTests;
			productName = CruznectTests;
			productReference = EB76F5DE18F0929E00743DD3 /* CruznectTests.xctest */;
			productType = "com.apple.product-type.bundle.unit-test";
		};
/* End PBXNativeTarget section */

/* Begin PBXProject section */
		EB76F5B218F0929E00743DD3 /* Project object */ = {
			isa = PBXProject;
			attributes = {
				LastUpgradeCheck = 0510;
				ORGANIZATIONNAME = Cruznect;
				TargetAttributes = {
					EB76F5DD18F0929E00743DD3 = {
						TestTargetID = EB76F5B918F0929E00743DD3;
					};
				};
			};
			buildConfigurationList = EB76F5B518F0929E00743DD3 /* Build configuration list for PBXProject "Cruznect" */;
			compatibilityVersion = "Xcode 3.2";
			developmentRegion = English;
			hasScannedForEncodings = 0;
			knownRegions = (
				en,
				Base,
			);
			mainGroup = EB76F5B118F0929E00743DD3;
			productRefGroup = EB76F5BB18F0929E00743DD3 /* Products */;
			projectDirPath = "";
			projectRoot = "";
			targets = (
				EB76F5B918F0929E00743DD3 /* Cruznect */,
				EB76F5DD18F0929E00743DD3 /* CruznectTests */,
			);
		};
/* End PBXProject section */

/* Begin PBXResourcesBuildPhase section */
		EB76F5B818F0929E00743DD3 /* Resources */ = {
			isa = PBXResourcesBuildPhase;
			buildActionMask = 2147483647;
			files = (
				EB47FFC918F0BCE600FB9209 /* settings@2x.png in Resources */,
				EB47FFC818F0BCE600FB9209 /* settings.png in Resources */,
				EB47FFF418F0FA5C00FB9209 /* bridge-tableview.png in Resources */,
				EB76F5D918F0929E00743DD3 /* Images.xcassets in Resources */,
				EB47FFD418F0BE6700FB9209 /* projects.png in Resources */,
				EB76F5C818F0929E00743DD3 /* InfoPlist.strings in Resources */,
				EB47FFD518F0BE6700FB9209 /* projects@2x.png in Resources */,
				EB47FFF218F0FA5C00FB9209 /* bridge-navbar.png in Resources */,
				EB76F5D118F0929E00743DD3 /* Main.storyboard in Resources */,
				EB47FFF518F0FA5C00FB9209 /* bridge-tableview@2x.png in Resources */,
				EB47FFF318F0FA5C00FB9209 /* bridge-navbar@2x.png in Resources */,
			);
			runOnlyForDeploymentPostprocessing = 0;
		};
		EB76F5DC18F0929E00743DD3 /* Resources */ = {
			isa = PBXResourcesBuildPhase;
			buildActionMask = 2147483647;
			files = (
				EB76F5EA18F0929E00743DD3 /* InfoPlist.strings in Resources */,
			);
			runOnlyForDeploymentPostprocessing = 0;
		};
/* End PBXResourcesBuildPhase section */

/* Begin PBXSourcesBuildPhase section */
		EB76F5B618F0929E00743DD3 /* Sources */ = {
			isa = PBXSourcesBuildPhase;
			buildActionMask = 2147483647;
			files = (
				EB47FFDC18F0C0CF00FB9209 /* CruznectRequest.m in Sources */,
				EB76F5CE18F0929E00743DD3 /* AppDelegate.m in Sources */,
				EB47FFBD18F0B15600FB9209 /* RootTabBarController.m in Sources */,
				EB47FFE518F0F36A00FB9209 /* ProjectsTVC.m in Sources */,
				EB47FFDF18F0D33600FB9209 /* FeaturedTVC.m in Sources */,
				EB76F5CA18F0929E00743DD3 /* main.m in Sources */,
				EB47FFBA18F0AD7200FB9209 /* LoginTVC.m in Sources */,
			);
			runOnlyForDeploymentPostprocessing = 0;
		};
		EB76F5DA18F0929E00743DD3 /* Sources */ = {
			isa = PBXSourcesBuildPhase;
			buildActionMask = 2147483647;
			files = (
				EB76F5EC18F0929E00743DD3 /* CruznectTests.m in Sources */,
			);
			runOnlyForDeploymentPostprocessing = 0;
		};
/* End PBXSourcesBuildPhase section */

/* Begin PBXTargetDependency section */
		EB76F5E418F0929E00743DD3 /* PBXTargetDependency */ = {
			isa = PBXTargetDependency;
			target = EB76F5B918F0929E00743DD3 /* Cruznect */;
			targetProxy = EB76F5E318F0929E00743DD3 /* PBXContainerItemProxy */;
		};
/* End PBXTargetDependency section */

/* Begin PBXVariantGroup section */
		EB76F5C618F0929E00743DD3 /* InfoPlist.strings */ = {
			isa = PBXVariantGroup;
			children = (
				EB76F5C718F0929E00743DD3 /* en */,
			);
			name = InfoPlist.strings;
			sourceTree = "<group>";
		};
		EB76F5CF18F0929E00743DD3 /* Main.storyboard */ = {
			isa = PBXVariantGroup;
			children = (
				EB76F5D018F0929E00743DD3 /* Base */,
			);
			name = Main.storyboard;
			sourceTree = "<group>";
		};
		EB76F5E818F0929E00743DD3 /* InfoPlist.strings */ = {
			isa = PBXVariantGroup;
			children = (
				EB76F5E918F0929E00743DD3 /* en */,
			);
			name = InfoPlist.strings;
			sourceTree = "<group>";
		};
/* End PBXVariantGroup section */

/* Begin XCBuildConfiguration section */
		EB76F5ED18F0929E00743DD3 /* Debug */ = {
			isa = XCBuildConfiguration;
			buildSettings = {
				ALWAYS_SEARCH_USER_PATHS = NO;
				CLANG_CXX_LANGUAGE_STANDARD = "gnu++0x";
				CLANG_CXX_LIBRARY = "libc++";
				CLANG_ENABLE_MODULES = YES;
				CLANG_ENABLE_OBJC_ARC = YES;
				CLANG_WARN_BOOL_CONVERSION = YES;
				CLANG_WARN_CONSTANT_CONVERSION = YES;
				CLANG_WARN_DIRECT_OBJC_ISA_USAGE = YES_ERROR;
				CLANG_WARN_EMPTY_BODY = YES;
				CLANG_WARN_ENUM_CONVERSION = YES;
				CLANG_WARN_INT_CONVERSION = YES;
				CLANG_WARN_OBJC_ROOT_CLASS = YES_ERROR;
				CLANG_WARN__DUPLICATE_METHOD_MATCH = YES;
				"CODE_SIGN_IDENTITY[sdk=iphoneos*]" = "iPhone Developer";
				COPY_PHASE_STRIP = NO;
				GCC_C_LANGUAGE_STANDARD = gnu99;
				GCC_DYNAMIC_NO_PIC = NO;
				GCC_OPTIMIZATION_LEVEL = 0;
				GCC_PREPROCESSOR_DEFINITIONS = (
					"DEBUG=1",
					"$(inherited)",
				);
				GCC_SYMBOLS_PRIVATE_EXTERN = NO;
				GCC_WARN_64_TO_32_BIT_CONVERSION = YES;
				GCC_WARN_ABOUT_RETURN_TYPE = YES_ERROR;
				GCC_WARN_UNDECLARED_SELECTOR = YES;
				GCC_WARN_UNINITIALIZED_AUTOS = YES_AGGRESSIVE;
				GCC_WARN_UNUSED_FUNCTION = YES;
				GCC_WARN_UNUSED_VARIABLE = YES;
				IPHONEOS_DEPLOYMENT_TARGET = 7.1;
				ONLY_ACTIVE_ARCH = YES;
				SDKROOT = iphoneos;
			};
			name = Debug;
		};
		EB76F5EE18F0929E00743DD3 /* Release */ = {
			isa = XCBuildConfiguration;
			buildSettings = {
				ALWAYS_SEARCH_USER_PATHS = NO;
				CLANG_CXX_LANGUAGE_STANDARD = "gnu++0x";
				CLANG_CXX_LIBRARY = "libc++";
				CLANG_ENABLE_MODULES = YES;
				CLANG_ENABLE_OBJC_ARC = YES;
				CLANG_WARN_BOOL_CONVERSION = YES;
				CLANG_WARN_CONSTANT_CONVERSION = YES;
				CLANG_WARN_DIRECT_OBJC_ISA_USAGE = YES_ERROR;
				CLANG_WARN_EMPTY_BODY = YES;
				CLANG_WARN_ENUM_CONVERSION = YES;
				CLANG_WARN_INT_CONVERSION = YES;
				CLANG_WARN_OBJC_ROOT_CLASS = YES_ERROR;
				CLANG_WARN__DUPLICATE_METHOD_MATCH = YES;
				"CODE_SIGN_IDENTITY[sdk=iphoneos*]" = "iPhone Developer";
				COPY_PHASE_STRIP = YES;
				ENABLE_NS_ASSERTIONS = NO;
				GCC_C_LANGUAGE_STANDARD = gnu99;
				GCC_WARN_64_TO_32_BIT_CONVERSION = YES;
				GCC_WARN_ABOUT_RETURN_TYPE = YES_ERROR;
				GCC_WARN_UNDECLARED_SELECTOR = YES;
				GCC_WARN_UNINITIALIZED_AUTOS = YES_AGGRESSIVE;
				GCC_WARN_UNUSED_FUNCTION = YES;
				GCC_WARN_UNUSED_VARIABLE = YES;
				IPHONEOS_DEPLOYMENT_TARGET = 7.1;
				SDKROOT = iphoneos;
				VALIDATE_PRODUCT = YES;
			};
			name = Release;
		};
		EB76F5F018F0929E00743DD3 /* Debug */ = {
			isa = XCBuildConfiguration;
			buildSettings = {
				ASSETCATALOG_COMPILER_APPICON_NAME = AppIcon;
				ASSETCATALOG_COMPILER_LAUNCHIMAGE_NAME = LaunchImage;
				GCC_PRECOMPILE_PREFIX_HEADER = YES;
				GCC_PREFIX_HEADER = "Cruznect/Cruznect-Prefix.pch";
				INFOPLIST_FILE = "Cruznect/Cruznect-Info.plist";
				PRODUCT_NAME = "$(TARGET_NAME)";
				WRAPPER_EXTENSION = app;
			};
			name = Debug;
		};
		EB76F5F118F0929E00743DD3 /* Release */ = {
			isa = XCBuildConfiguration;
			buildSettings = {
				ASSETCATALOG_COMPILER_APPICON_NAME = AppIcon;
				ASSETCATALOG_COMPILER_LAUNCHIMAGE_NAME = LaunchImage;
				GCC_PRECOMPILE_PREFIX_HEADER = YES;
				GCC_PREFIX_HEADER = "Cruznect/Cruznect-Prefix.pch";
				INFOPLIST_FILE = "Cruznect/Cruznect-Info.plist";
				PRODUCT_NAME = "$(TARGET_NAME)";
				WRAPPER_EXTENSION = app;
			};
			name = Release;
		};
		EB76F5F318F0929E00743DD3 /* Debug */ = {
			isa = XCBuildConfiguration;
			buildSettings = {
				BUNDLE_LOADER = "$(BUILT_PRODUCTS_DIR)/Cruznect.app/Cruznect";
				FRAMEWORK_SEARCH_PATHS = (
					"$(SDKROOT)/Developer/Library/Frameworks",
					"$(inherited)",
					"$(DEVELOPER_FRAMEWORKS_DIR)",
				);
				GCC_PRECOMPILE_PREFIX_HEADER = YES;
				GCC_PREFIX_HEADER = "Cruznect/Cruznect-Prefix.pch";
				GCC_PREPROCESSOR_DEFINITIONS = (
					"DEBUG=1",
					"$(inherited)",
				);
				INFOPLIST_FILE = "CruznectTests/CruznectTests-Info.plist";
				PRODUCT_NAME = "$(TARGET_NAME)";
				TEST_HOST = "$(BUNDLE_LOADER)";
				WRAPPER_EXTENSION = xctest;
			};
			name = Debug;
		};
		EB76F5F418F0929E00743DD3 /* Release */ = {
			isa = XCBuildConfiguration;
			buildSettings = {
				BUNDLE_LOADER = "$(BUILT_PRODUCTS_DIR)/Cruznect.app/Cruznect";
				FRAMEWORK_SEARCH_PATHS = (
					"$(SDKROOT)/Developer/Library/Frameworks",
					"$(inherited)",
					"$(DEVELOPER_FRAMEWORKS_DIR)",
				);
				GCC_PRECOMPILE_PREFIX_HEADER = YES;
				GCC_PREFIX_HEADER = "Cruznect/Cruznect-Prefix.pch";
				INFOPLIST_FILE = "CruznectTests/CruznectTests-Info.plist";
				PRODUCT_NAME = "$(TARGET_NAME)";
				TEST_HOST = "$(BUNDLE_LOADER)";
				WRAPPER_EXTENSION = xctest;
			};
			name = Release;
		};
/* End XCBuildConfiguration section */

/* Begin XCConfigurationList section */
		EB76F5B518F0929E00743DD3 /* Build configuration list for PBXProject "Cruznect" */ = {
			isa = XCConfigurationList;
			buildConfigurations = (
				EB76F5ED18F0929E00743DD3 /* Debug */,
				EB76F5EE18F0929E00743DD3 /* Release */,
			);
			defaultConfigurationIsVisible = 0;
			defaultConfigurationName = Release;
		};
		EB76F5EF18F0929E00743DD3 /* Build configuration list for PBXNativeTarget "Cruznect" */ = {
			isa = XCConfigurationList;
			buildConfigurations = (
				EB76F5F018F0929E00743DD3 /* Debug */,
				EB76F5F118F0929E00743DD3 /* Release */,
			);
			defaultConfigurationIsVisible = 0;
			defaultConfigurationName = Release;
		};
		EB76F5F218F0929E00743DD3 /* Build configuration list for PBXNativeTarget "CruznectTests" */ = {
			isa = XCConfigurationList;
			buildConfigurations = (
				EB76F5F318F0929E00743DD3 /* Debug */,
				EB76F5F418F0929E00743DD3 /* Release */,
			);
			defaultConfigurationIsVisible = 0;
			defaultConfigurationName = Release;
		};
/* End XCConfigurationList section */
	};
	rootObject = EB76F5B218F0929E00743DD3 /* Project object */;
}
