// !$*UTF8*$!
{
	archiveVersion = 1;
	classes = {
	};
	objectVersion = 46;
	objects = {

/* Begin PBXBuildFile section */
		EB6BE47018F091D200E0BAA4 /* Foundation.framework in Frameworks */ = {isa = PBXBuildFile; fileRef = EB6BE46F18F091D200E0BAA4 /* Foundation.framework */; };
		EB6BE47218F091D200E0BAA4 /* CoreGraphics.framework in Frameworks */ = {isa = PBXBuildFile; fileRef = EB6BE47118F091D200E0BAA4 /* CoreGraphics.framework */; };
		EB6BE47418F091D200E0BAA4 /* UIKit.framework in Frameworks */ = {isa = PBXBuildFile; fileRef = EB6BE47318F091D200E0BAA4 /* UIKit.framework */; };
		EB6BE47A18F091D200E0BAA4 /* InfoPlist.strings in Resources */ = {isa = PBXBuildFile; fileRef = EB6BE47818F091D200E0BAA4 /* InfoPlist.strings */; };
		EB6BE47C18F091D200E0BAA4 /* main.m in Sources */ = {isa = PBXBuildFile; fileRef = EB6BE47B18F091D200E0BAA4 /* main.m */; };
		EB6BE48018F091D200E0BAA4 /* AppDelegate.m in Sources */ = {isa = PBXBuildFile; fileRef = EB6BE47F18F091D200E0BAA4 /* AppDelegate.m */; };
		EB6BE48318F091D200E0BAA4 /* Main.storyboard in Resources */ = {isa = PBXBuildFile; fileRef = EB6BE48118F091D200E0BAA4 /* Main.storyboard */; };
		EB6BE48618F091D200E0BAA4 /* FirstViewController.m in Sources */ = {isa = PBXBuildFile; fileRef = EB6BE48518F091D200E0BAA4 /* FirstViewController.m */; };
		EB6BE48918F091D200E0BAA4 /* SecondViewController.m in Sources */ = {isa = PBXBuildFile; fileRef = EB6BE48818F091D200E0BAA4 /* SecondViewController.m */; };
		EB6BE48B18F091D200E0BAA4 /* Images.xcassets in Resources */ = {isa = PBXBuildFile; fileRef = EB6BE48A18F091D200E0BAA4 /* Images.xcassets */; };
		EB6BE49218F091D200E0BAA4 /* XCTest.framework in Frameworks */ = {isa = PBXBuildFile; fileRef = EB6BE49118F091D200E0BAA4 /* XCTest.framework */; };
		EB6BE49318F091D200E0BAA4 /* Foundation.framework in Frameworks */ = {isa = PBXBuildFile; fileRef = EB6BE46F18F091D200E0BAA4 /* Foundation.framework */; };
		EB6BE49418F091D200E0BAA4 /* UIKit.framework in Frameworks */ = {isa = PBXBuildFile; fileRef = EB6BE47318F091D200E0BAA4 /* UIKit.framework */; };
		EB6BE49C18F091D200E0BAA4 /* InfoPlist.strings in Resources */ = {isa = PBXBuildFile; fileRef = EB6BE49A18F091D200E0BAA4 /* InfoPlist.strings */; };
		EB6BE49E18F091D200E0BAA4 /* CruznectTests.m in Sources */ = {isa = PBXBuildFile; fileRef = EB6BE49D18F091D200E0BAA4 /* CruznectTests.m */; };
/* End PBXBuildFile section */

/* Begin PBXContainerItemProxy section */
		EB6BE49518F091D200E0BAA4 /* PBXContainerItemProxy */ = {
			isa = PBXContainerItemProxy;
			containerPortal = EB6BE46418F091D200E0BAA4 /* Project object */;
			proxyType = 1;
			remoteGlobalIDString = EB6BE46B18F091D200E0BAA4;
			remoteInfo = Cruznect;
		};
/* End PBXContainerItemProxy section */

/* Begin PBXFileReference section */
		EB6BE46C18F091D200E0BAA4 /* Cruznect.app */ = {isa = PBXFileReference; explicitFileType = wrapper.application; includeInIndex = 0; path = Cruznect.app; sourceTree = BUILT_PRODUCTS_DIR; };
		EB6BE46F18F091D200E0BAA4 /* Foundation.framework */ = {isa = PBXFileReference; lastKnownFileType = wrapper.framework; name = Foundation.framework; path = System/Library/Frameworks/Foundation.framework; sourceTree = SDKROOT; };
		EB6BE47118F091D200E0BAA4 /* CoreGraphics.framework */ = {isa = PBXFileReference; lastKnownFileType = wrapper.framework; name = CoreGraphics.framework; path = System/Library/Frameworks/CoreGraphics.framework; sourceTree = SDKROOT; };
		EB6BE47318F091D200E0BAA4 /* UIKit.framework */ = {isa = PBXFileReference; lastKnownFileType = wrapper.framework; name = UIKit.framework; path = System/Library/Frameworks/UIKit.framework; sourceTree = SDKROOT; };
		EB6BE47718F091D200E0BAA4 /* Cruznect-Info.plist */ = {isa = PBXFileReference; lastKnownFileType = text.plist.xml; path = "Cruznect-Info.plist"; sourceTree = "<group>"; };
		EB6BE47918F091D200E0BAA4 /* en */ = {isa = PBXFileReference; lastKnownFileType = text.plist.strings; name = en; path = en.lproj/InfoPlist.strings; sourceTree = "<group>"; };
		EB6BE47B18F091D200E0BAA4 /* main.m */ = {isa = PBXFileReference; lastKnownFileType = sourcecode.c.objc; path = main.m; sourceTree = "<group>"; };
		EB6BE47D18F091D200E0BAA4 /* Cruznect-Prefix.pch */ = {isa = PBXFileReference; lastKnownFileType = sourcecode.c.h; path = "Cruznect-Prefix.pch"; sourceTree = "<group>"; };
		EB6BE47E18F091D200E0BAA4 /* AppDelegate.h */ = {isa = PBXFileReference; lastKnownFileType = sourcecode.c.h; path = AppDelegate.h; sourceTree = "<group>"; };
		EB6BE47F18F091D200E0BAA4 /* AppDelegate.m */ = {isa = PBXFileReference; lastKnownFileType = sourcecode.c.objc; path = AppDelegate.m; sourceTree = "<group>"; };
		EB6BE48218F091D200E0BAA4 /* Base */ = {isa = PBXFileReference; lastKnownFileType = file.storyboard; name = Base; path = Base.lproj/Main.storyboard; sourceTree = "<group>"; };
		EB6BE48418F091D200E0BAA4 /* FirstViewController.h */ = {isa = PBXFileReference; lastKnownFileType = sourcecode.c.h; path = FirstViewController.h; sourceTree = "<group>"; };
		EB6BE48518F091D200E0BAA4 /* FirstViewController.m */ = {isa = PBXFileReference; lastKnownFileType = sourcecode.c.objc; path = FirstViewController.m; sourceTree = "<group>"; };
		EB6BE48718F091D200E0BAA4 /* SecondViewController.h */ = {isa = PBXFileReference; lastKnownFileType = sourcecode.c.h; path = SecondViewController.h; sourceTree = "<group>"; };
		EB6BE48818F091D200E0BAA4 /* SecondViewController.m */ = {isa = PBXFileReference; lastKnownFileType = sourcecode.c.objc; path = SecondViewController.m; sourceTree = "<group>"; };
		EB6BE48A18F091D200E0BAA4 /* Images.xcassets */ = {isa = PBXFileReference; lastKnownFileType = folder.assetcatalog; path = Images.xcassets; sourceTree = "<group>"; };
		EB6BE49018F091D200E0BAA4 /* CruznectTests.xctest */ = {isa = PBXFileReference; explicitFileType = wrapper.cfbundle; includeInIndex = 0; path = CruznectTests.xctest; sourceTree = BUILT_PRODUCTS_DIR; };
		EB6BE49118F091D200E0BAA4 /* XCTest.framework */ = {isa = PBXFileReference; lastKnownFileType = wrapper.framework; name = XCTest.framework; path = Library/Frameworks/XCTest.framework; sourceTree = DEVELOPER_DIR; };
		EB6BE49918F091D200E0BAA4 /* CruznectTests-Info.plist */ = {isa = PBXFileReference; lastKnownFileType = text.plist.xml; path = "CruznectTests-Info.plist"; sourceTree = "<group>"; };
		EB6BE49B18F091D200E0BAA4 /* en */ = {isa = PBXFileReference; lastKnownFileType = text.plist.strings; name = en; path = en.lproj/InfoPlist.strings; sourceTree = "<group>"; };
		EB6BE49D18F091D200E0BAA4 /* CruznectTests.m */ = {isa = PBXFileReference; lastKnownFileType = sourcecode.c.objc; path = CruznectTests.m; sourceTree = "<group>"; };
/* End PBXFileReference section */

/* Begin PBXFrameworksBuildPhase section */
		EB6BE46918F091D200E0BAA4 /* Frameworks */ = {
			isa = PBXFrameworksBuildPhase;
			buildActionMask = 2147483647;
			files = (
				EB6BE47218F091D200E0BAA4 /* CoreGraphics.framework in Frameworks */,
				EB6BE47418F091D200E0BAA4 /* UIKit.framework in Frameworks */,
				EB6BE47018F091D200E0BAA4 /* Foundation.framework in Frameworks */,
			);
			runOnlyForDeploymentPostprocessing = 0;
		};
		EB6BE48D18F091D200E0BAA4 /* Frameworks */ = {
			isa = PBXFrameworksBuildPhase;
			buildActionMask = 2147483647;
			files = (
				EB6BE49218F091D200E0BAA4 /* XCTest.framework in Frameworks */,
				EB6BE49418F091D200E0BAA4 /* UIKit.framework in Frameworks */,
				EB6BE49318F091D200E0BAA4 /* Foundation.framework in Frameworks */,
			);
			runOnlyForDeploymentPostprocessing = 0;
		};
/* End PBXFrameworksBuildPhase section */

/* Begin PBXGroup section */
		EB6BE46318F091D200E0BAA4 = {
			isa = PBXGroup;
			children = (
				EB6BE47518F091D200E0BAA4 /* Cruznect */,
				EB6BE49718F091D200E0BAA4 /* CruznectTests */,
				EB6BE46E18F091D200E0BAA4 /* Frameworks */,
				EB6BE46D18F091D200E0BAA4 /* Products */,
			);
			sourceTree = "<group>";
		};
		EB6BE46D18F091D200E0BAA4 /* Products */ = {
			isa = PBXGroup;
			children = (
				EB6BE46C18F091D200E0BAA4 /* Cruznect.app */,
				EB6BE49018F091D200E0BAA4 /* CruznectTests.xctest */,
			);
			name = Products;
			sourceTree = "<group>";
		};
		EB6BE46E18F091D200E0BAA4 /* Frameworks */ = {
			isa = PBXGroup;
			children = (
				EB6BE46F18F091D200E0BAA4 /* Foundation.framework */,
				EB6BE47118F091D200E0BAA4 /* CoreGraphics.framework */,
				EB6BE47318F091D200E0BAA4 /* UIKit.framework */,
				EB6BE49118F091D200E0BAA4 /* XCTest.framework */,
			);
			name = Frameworks;
			sourceTree = "<group>";
		};
		EB6BE47518F091D200E0BAA4 /* Cruznect */ = {
			isa = PBXGroup;
			children = (
				EB6BE47E18F091D200E0BAA4 /* AppDelegate.h */,
				EB6BE47F18F091D200E0BAA4 /* AppDelegate.m */,
				EB6BE48118F091D200E0BAA4 /* Main.storyboard */,
				EB6BE48418F091D200E0BAA4 /* FirstViewController.h */,
				EB6BE48518F091D200E0BAA4 /* FirstViewController.m */,
				EB6BE48718F091D200E0BAA4 /* SecondViewController.h */,
				EB6BE48818F091D200E0BAA4 /* SecondViewController.m */,
				EB6BE48A18F091D200E0BAA4 /* Images.xcassets */,
				EB6BE47618F091D200E0BAA4 /* Supporting Files */,
			);
			path = Cruznect;
			sourceTree = "<group>";
		};
		EB6BE47618F091D200E0BAA4 /* Supporting Files */ = {
			isa = PBXGroup;
			children = (
				EB6BE47718F091D200E0BAA4 /* Cruznect-Info.plist */,
				EB6BE47818F091D200E0BAA4 /* InfoPlist.strings */,
				EB6BE47B18F091D200E0BAA4 /* main.m */,
				EB6BE47D18F091D200E0BAA4 /* Cruznect-Prefix.pch */,
			);
			name = "Supporting Files";
			sourceTree = "<group>";
		};
		EB6BE49718F091D200E0BAA4 /* CruznectTests */ = {
			isa = PBXGroup;
			children = (
				EB6BE49D18F091D200E0BAA4 /* CruznectTests.m */,
				EB6BE49818F091D200E0BAA4 /* Supporting Files */,
			);
			path = CruznectTests;
			sourceTree = "<group>";
		};
		EB6BE49818F091D200E0BAA4 /* Supporting Files */ = {
			isa = PBXGroup;
			children = (
				EB6BE49918F091D200E0BAA4 /* CruznectTests-Info.plist */,
				EB6BE49A18F091D200E0BAA4 /* InfoPlist.strings */,
			);
			name = "Supporting Files";
			sourceTree = "<group>";
		};
/* End PBXGroup section */

/* Begin PBXNativeTarget section */
		EB6BE46B18F091D200E0BAA4 /* Cruznect */ = {
			isa = PBXNativeTarget;
			buildConfigurationList = EB6BE4A118F091D200E0BAA4 /* Build configuration list for PBXNativeTarget "Cruznect" */;
			buildPhases = (
				EB6BE46818F091D200E0BAA4 /* Sources */,
				EB6BE46918F091D200E0BAA4 /* Frameworks */,
				EB6BE46A18F091D200E0BAA4 /* Resources */,
			);
			buildRules = (
			);
			dependencies = (
			);
			name = Cruznect;
			productName = Cruznect;
			productReference = EB6BE46C18F091D200E0BAA4 /* Cruznect.app */;
			productType = "com.apple.product-type.application";
		};
		EB6BE48F18F091D200E0BAA4 /* CruznectTests */ = {
			isa = PBXNativeTarget;
			buildConfigurationList = EB6BE4A418F091D200E0BAA4 /* Build configuration list for PBXNativeTarget "CruznectTests" */;
			buildPhases = (
				EB6BE48C18F091D200E0BAA4 /* Sources */,
				EB6BE48D18F091D200E0BAA4 /* Frameworks */,
				EB6BE48E18F091D200E0BAA4 /* Resources */,
			);
			buildRules = (
			);
			dependencies = (
				EB6BE49618F091D200E0BAA4 /* PBXTargetDependency */,
			);
			name = CruznectTests;
			productName = CruznectTests;
			productReference = EB6BE49018F091D200E0BAA4 /* CruznectTests.xctest */;
			productType = "com.apple.product-type.bundle.unit-test";
		};
/* End PBXNativeTarget section */

/* Begin PBXProject section */
		EB6BE46418F091D200E0BAA4 /* Project object */ = {
			isa = PBXProject;
			attributes = {
				LastUpgradeCheck = 0510;
				ORGANIZATIONNAME = Cruznect;
				TargetAttributes = {
					EB6BE48F18F091D200E0BAA4 = {
						TestTargetID = EB6BE46B18F091D200E0BAA4;
					};
				};
			};
			buildConfigurationList = EB6BE46718F091D200E0BAA4 /* Build configuration list for PBXProject "Cruznect" */;
			compatibilityVersion = "Xcode 3.2";
			developmentRegion = English;
			hasScannedForEncodings = 0;
			knownRegions = (
				en,
				Base,
			);
			mainGroup = EB6BE46318F091D200E0BAA4;
			productRefGroup = EB6BE46D18F091D200E0BAA4 /* Products */;
			projectDirPath = "";
			projectRoot = "";
			targets = (
				EB6BE46B18F091D200E0BAA4 /* Cruznect */,
				EB6BE48F18F091D200E0BAA4 /* CruznectTests */,
			);
		};
/* End PBXProject section */

/* Begin PBXResourcesBuildPhase section */
		EB6BE46A18F091D200E0BAA4 /* Resources */ = {
			isa = PBXResourcesBuildPhase;
			buildActionMask = 2147483647;
			files = (
				EB6BE48B18F091D200E0BAA4 /* Images.xcassets in Resources */,
				EB6BE47A18F091D200E0BAA4 /* InfoPlist.strings in Resources */,
				EB6BE48318F091D200E0BAA4 /* Main.storyboard in Resources */,
			);
			runOnlyForDeploymentPostprocessing = 0;
		};
		EB6BE48E18F091D200E0BAA4 /* Resources */ = {
			isa = PBXResourcesBuildPhase;
			buildActionMask = 2147483647;
			files = (
				EB6BE49C18F091D200E0BAA4 /* InfoPlist.strings in Resources */,
			);
			runOnlyForDeploymentPostprocessing = 0;
		};
/* End PBXResourcesBuildPhase section */

/* Begin PBXSourcesBuildPhase section */
		EB6BE46818F091D200E0BAA4 /* Sources */ = {
			isa = PBXSourcesBuildPhase;
			buildActionMask = 2147483647;
			files = (
				EB6BE48918F091D200E0BAA4 /* SecondViewController.m in Sources */,
				EB6BE48018F091D200E0BAA4 /* AppDelegate.m in Sources */,
				EB6BE48618F091D200E0BAA4 /* FirstViewController.m in Sources */,
				EB6BE47C18F091D200E0BAA4 /* main.m in Sources */,
			);
			runOnlyForDeploymentPostprocessing = 0;
		};
		EB6BE48C18F091D200E0BAA4 /* Sources */ = {
			isa = PBXSourcesBuildPhase;
			buildActionMask = 2147483647;
			files = (
				EB6BE49E18F091D200E0BAA4 /* CruznectTests.m in Sources */,
			);
			runOnlyForDeploymentPostprocessing = 0;
		};
/* End PBXSourcesBuildPhase section */

/* Begin PBXTargetDependency section */
		EB6BE49618F091D200E0BAA4 /* PBXTargetDependency */ = {
			isa = PBXTargetDependency;
			target = EB6BE46B18F091D200E0BAA4 /* Cruznect */;
			targetProxy = EB6BE49518F091D200E0BAA4 /* PBXContainerItemProxy */;
		};
/* End PBXTargetDependency section */

/* Begin PBXVariantGroup section */
		EB6BE47818F091D200E0BAA4 /* InfoPlist.strings */ = {
			isa = PBXVariantGroup;
			children = (
				EB6BE47918F091D200E0BAA4 /* en */,
			);
			name = InfoPlist.strings;
			sourceTree = "<group>";
		};
		EB6BE48118F091D200E0BAA4 /* Main.storyboard */ = {
			isa = PBXVariantGroup;
			children = (
				EB6BE48218F091D200E0BAA4 /* Base */,
			);
			name = Main.storyboard;
			sourceTree = "<group>";
		};
		EB6BE49A18F091D200E0BAA4 /* InfoPlist.strings */ = {
			isa = PBXVariantGroup;
			children = (
				EB6BE49B18F091D200E0BAA4 /* en */,
			);
			name = InfoPlist.strings;
			sourceTree = "<group>";
		};
/* End PBXVariantGroup section */

/* Begin XCBuildConfiguration section */
		EB6BE49F18F091D200E0BAA4 /* Debug */ = {
			isa = XCBuildConfiguration;
			buildSettings = {
				ALWAYS_SEARCH_USER_PATHS = NO;
				CLANG_CXX_LANGUAGE_STANDARD = "gnu++0x";
				CLANG_CXX_LIBRARY = "libc++";
				CLANG_ENABLE_MODULES = YES;
				CLANG_ENABLE_OBJC_ARC = YES;
				CLANG_WARN_BOOL_CONVERSION = YES;
				CLANG_WARN_CONSTANT_CONVERSION = YES;
				CLANG_WARN_DIRECT_OBJC_ISA_USAGE = YES_ERROR;
				CLANG_WARN_EMPTY_BODY = YES;
				CLANG_WARN_ENUM_CONVERSION = YES;
				CLANG_WARN_INT_CONVERSION = YES;
				CLANG_WARN_OBJC_ROOT_CLASS = YES_ERROR;
				CLANG_WARN__DUPLICATE_METHOD_MATCH = YES;
				"CODE_SIGN_IDENTITY[sdk=iphoneos*]" = "iPhone Developer";
				COPY_PHASE_STRIP = NO;
				GCC_C_LANGUAGE_STANDARD = gnu99;
				GCC_DYNAMIC_NO_PIC = NO;
				GCC_OPTIMIZATION_LEVEL = 0;
				GCC_PREPROCESSOR_DEFINITIONS = (
					"DEBUG=1",
					"$(inherited)",
				);
				GCC_SYMBOLS_PRIVATE_EXTERN = NO;
				GCC_WARN_64_TO_32_BIT_CONVERSION = YES;
				GCC_WARN_ABOUT_RETURN_TYPE = YES_ERROR;
				GCC_WARN_UNDECLARED_SELECTOR = YES;
				GCC_WARN_UNINITIALIZED_AUTOS = YES_AGGRESSIVE;
				GCC_WARN_UNUSED_FUNCTION = YES;
				GCC_WARN_UNUSED_VARIABLE = YES;
				IPHONEOS_DEPLOYMENT_TARGET = 7.1;
				ONLY_ACTIVE_ARCH = YES;
				SDKROOT = iphoneos;
			};
			name = Debug;
		};
		EB6BE4A018F091D200E0BAA4 /* Release */ = {
			isa = XCBuildConfiguration;
			buildSettings = {
				ALWAYS_SEARCH_USER_PATHS = NO;
				CLANG_CXX_LANGUAGE_STANDARD = "gnu++0x";
				CLANG_CXX_LIBRARY = "libc++";
				CLANG_ENABLE_MODULES = YES;
				CLANG_ENABLE_OBJC_ARC = YES;
				CLANG_WARN_BOOL_CONVERSION = YES;
				CLANG_WARN_CONSTANT_CONVERSION = YES;
				CLANG_WARN_DIRECT_OBJC_ISA_USAGE = YES_ERROR;
				CLANG_WARN_EMPTY_BODY = YES;
				CLANG_WARN_ENUM_CONVERSION = YES;
				CLANG_WARN_INT_CONVERSION = YES;
				CLANG_WARN_OBJC_ROOT_CLASS = YES_ERROR;
				CLANG_WARN__DUPLICATE_METHOD_MATCH = YES;
				"CODE_SIGN_IDENTITY[sdk=iphoneos*]" = "iPhone Developer";
				COPY_PHASE_STRIP = YES;
				ENABLE_NS_ASSERTIONS = NO;
				GCC_C_LANGUAGE_STANDARD = gnu99;
				GCC_WARN_64_TO_32_BIT_CONVERSION = YES;
				GCC_WARN_ABOUT_RETURN_TYPE = YES_ERROR;
				GCC_WARN_UNDECLARED_SELECTOR = YES;
				GCC_WARN_UNINITIALIZED_AUTOS = YES_AGGRESSIVE;
				GCC_WARN_UNUSED_FUNCTION = YES;
				GCC_WARN_UNUSED_VARIABLE = YES;
				IPHONEOS_DEPLOYMENT_TARGET = 7.1;
				SDKROOT = iphoneos;
				VALIDATE_PRODUCT = YES;
			};
			name = Release;
		};
		EB6BE4A218F091D200E0BAA4 /* Debug */ = {
			isa = XCBuildConfiguration;
			buildSettings = {
				ASSETCATALOG_COMPILER_APPICON_NAME = AppIcon;
				ASSETCATALOG_COMPILER_LAUNCHIMAGE_NAME = LaunchImage;
				GCC_PRECOMPILE_PREFIX_HEADER = YES;
				GCC_PREFIX_HEADER = "Cruznect/Cruznect-Prefix.pch";
				INFOPLIST_FILE = "Cruznect/Cruznect-Info.plist";
				PRODUCT_NAME = "$(TARGET_NAME)";
				WRAPPER_EXTENSION = app;
			};
			name = Debug;
		};
		EB6BE4A318F091D200E0BAA4 /* Release */ = {
			isa = XCBuildConfiguration;
			buildSettings = {
				ASSETCATALOG_COMPILER_APPICON_NAME = AppIcon;
				ASSETCATALOG_COMPILER_LAUNCHIMAGE_NAME = LaunchImage;
				GCC_PRECOMPILE_PREFIX_HEADER = YES;
				GCC_PREFIX_HEADER = "Cruznect/Cruznect-Prefix.pch";
				INFOPLIST_FILE = "Cruznect/Cruznect-Info.plist";
				PRODUCT_NAME = "$(TARGET_NAME)";
				WRAPPER_EXTENSION = app;
			};
			name = Release;
		};
		EB6BE4A518F091D200E0BAA4 /* Debug */ = {
			isa = XCBuildConfiguration;
			buildSettings = {
				BUNDLE_LOADER = "$(BUILT_PRODUCTS_DIR)/Cruznect.app/Cruznect";
				FRAMEWORK_SEARCH_PATHS = (
					"$(SDKROOT)/Developer/Library/Frameworks",
					"$(inherited)",
					"$(DEVELOPER_FRAMEWORKS_DIR)",
				);
				GCC_PRECOMPILE_PREFIX_HEADER = YES;
				GCC_PREFIX_HEADER = "Cruznect/Cruznect-Prefix.pch";
				GCC_PREPROCESSOR_DEFINITIONS = (
					"DEBUG=1",
					"$(inherited)",
				);
				INFOPLIST_FILE = "CruznectTests/CruznectTests-Info.plist";
				PRODUCT_NAME = "$(TARGET_NAME)";
				TEST_HOST = "$(BUNDLE_LOADER)";
				WRAPPER_EXTENSION = xctest;
			};
			name = Debug;
		};
		EB6BE4A618F091D200E0BAA4 /* Release */ = {
			isa = XCBuildConfiguration;
			buildSettings = {
				BUNDLE_LOADER = "$(BUILT_PRODUCTS_DIR)/Cruznect.app/Cruznect";
				FRAMEWORK_SEARCH_PATHS = (
					"$(SDKROOT)/Developer/Library/Frameworks",
					"$(inherited)",
					"$(DEVELOPER_FRAMEWORKS_DIR)",
				);
				GCC_PRECOMPILE_PREFIX_HEADER = YES;
				GCC_PREFIX_HEADER = "Cruznect/Cruznect-Prefix.pch";
				INFOPLIST_FILE = "CruznectTests/CruznectTests-Info.plist";
				PRODUCT_NAME = "$(TARGET_NAME)";
				TEST_HOST = "$(BUNDLE_LOADER)";
				WRAPPER_EXTENSION = xctest;
			};
			name = Release;
		};
/* End XCBuildConfiguration section */

/* Begin XCConfigurationList section */
		EB6BE46718F091D200E0BAA4 /* Build configuration list for PBXProject "Cruznect" */ = {
			isa = XCConfigurationList;
			buildConfigurations = (
				EB6BE49F18F091D200E0BAA4 /* Debug */,
				EB6BE4A018F091D200E0BAA4 /* Release */,
			);
			defaultConfigurationIsVisible = 0;
			defaultConfigurationName = Release;
		};
		EB6BE4A118F091D200E0BAA4 /* Build configuration list for PBXNativeTarget "Cruznect" */ = {
			isa = XCConfigurationList;
			buildConfigurations = (
				EB6BE4A218F091D200E0BAA4 /* Debug */,
				EB6BE4A318F091D200E0BAA4 /* Release */,
			);
			defaultConfigurationIsVisible = 0;
		};
		EB6BE4A418F091D200E0BAA4 /* Build configuration list for PBXNativeTarget "CruznectTests" */ = {
			isa = XCConfigurationList;
			buildConfigurations = (
				EB6BE4A518F091D200E0BAA4 /* Debug */,
				EB6BE4A618F091D200E0BAA4 /* Release */,
			);
			defaultConfigurationIsVisible = 0;
		};
/* End XCConfigurationList section */
	};
	rootObject = EB6BE46418F091D200E0BAA4 /* Project object */;
}
